
Microsoft Visual Studio Solution File, Format Version 12.00
# Visual Studio Version 17
VisualStudioVersion = 17.5.002.0
MinimumVisualStudioVersion = 10.0.40219.1
Project("{9A19103F-16F7-4668-BE54-9A1E7A4F7556}") = "EditorHTML", "EditorHTML.csproj", "{B40E7938-046A-44B9-9662-17518158BAF9}"
EndProject
Global
	GlobalSection(SolutionConfigurationPlatforms) = preSolution
		Debug|Any CPU = Debug|Any CPU
		Release|Any CPU = Release|Any CPU
	EndGlobalSection
	GlobalSection(ProjectConfigurationPlatforms) = postSolution
		{B40E7938-046A-44B9-9662-17518158BAF9}.Debug|Any CPU.ActiveCfg = Debug|Any CPU
		{B40E7938-046A-44B9-9662-17518158BAF9}.Debug|Any CPU.Build.0 = Debug|Any CPU
		{B40E7938-046A-44B9-9662-17518158BAF9}.Release|Any CPU.ActiveCfg = Release|Any CPU
		{B40E7938-046A-44B9-9662-17518158BAF9}.Release|Any CPU.Build.0 = Release|Any CPU
	EndGlobalSection
	GlobalSection(SolutionProperties) = preSolution
		HideSolutionNode = FALSE
	EndGlobalSection
	GlobalSection(ExtensibilityGlobals) = postSolution
		SolutionGuid = {CF1B9432-065D-4DE6-BD0F-758B49A40108}
	EndGlobalSection
EndGlobal
